
Microsoft Visual Studio Solution File, Format Version 12.00
# Visual Studio Version 17
VisualStudioVersion = 17.3.32811.315
MinimumVisualStudioVersion = 10.0.40219.1
Project("{FAE04EC0-301F-11D3-BF4B-00C04F79EFBC}") = "TryingConnectUsingConsoleApp", "TryingConnectUsingConsoleApp\TryingConnectUsingConsoleApp.csproj", "{8F38351A-AC2F-44EB-AEFD-743DBC728CF7}"
EndProject
Global
	GlobalSection(SolutionConfigurationPlatforms) = preSolution
		Debug|Any CPU = Debug|Any CPU
		Release|Any CPU = Release|Any CPU
	EndGlobalSection
	GlobalSection(ProjectConfigurationPlatforms) = postSolution
		{8F38351A-AC2F-44EB-AEFD-743DBC728CF7}.Debug|Any CPU.ActiveCfg = Debug|Any CPU
		{8F38351A-AC2F-44EB-AEFD-743DBC728CF7}.Debug|Any CPU.Build.0 = Debug|Any CPU
		{8F38351A-AC2F-44EB-AEFD-743DBC728CF7}.Release|Any CPU.ActiveCfg = Release|Any CPU
		{8F38351A-AC2F-44EB-AEFD-743DBC728CF7}.Release|Any CPU.Build.0 = Release|Any CPU
	EndGlobalSection
	GlobalSection(SolutionProperties) = preSolution
		HideSolutionNode = FALSE
	EndGlobalSection
	GlobalSection(ExtensibilityGlobals) = postSolution
		SolutionGuid = {BDFA4A18-512B-44D7-84FB-CCDC3A02D8F1}
	EndGlobalSection
EndGlobal
